
Microsoft Visual Studio Solution File, Format Version 12.00
# Visual Studio 15
VisualStudioVersion = 15.0.26730.12
MinimumVisualStudioVersion = 10.0.40219.1
Project("{FAE04EC0-301F-11D3-BF4B-00C04F79EFBC}") = "GroupProjectPlanner", "GroupProjectPlanner\GroupProjectPlanner.csproj", "{FB7EF3FF-A5AF-412C-AB5F-0B7804CBE449}"
EndProject
Global
	GlobalSection(SolutionConfigurationPlatforms) = preSolution
		Debug|Any CPU = Debug|Any CPU
		Release|Any CPU = Release|Any CPU
	EndGlobalSection
	GlobalSection(ProjectConfigurationPlatforms) = postSolution
		{FB7EF3FF-A5AF-412C-AB5F-0B7804CBE449}.Debug|Any CPU.ActiveCfg = Debug|Any CPU
		{FB7EF3FF-A5AF-412C-AB5F-0B7804CBE449}.Debug|Any CPU.Build.0 = Debug|Any CPU
		{FB7EF3FF-A5AF-412C-AB5F-0B7804CBE449}.Release|Any CPU.ActiveCfg = Release|Any CPU
		{FB7EF3FF-A5AF-412C-AB5F-0B7804CBE449}.Release|Any CPU.Build.0 = Release|Any CPU
	EndGlobalSection
	GlobalSection(SolutionProperties) = preSolution
		HideSolutionNode = FALSE
	EndGlobalSection
	GlobalSection(ExtensibilityGlobals) = postSolution
		SolutionGuid = {F815B920-0381-4D6C-9221-98F16990CCC0}
	EndGlobalSection
EndGlobal
